
Microsoft Visual Studio Solution File, Format Version 12.00
# Visual Studio Version 17
VisualStudioVersion = 17.0.31903.59
MinimumVisualStudioVersion = 10.0.40219.1
Project("{2150E333-8FDC-42A3-9474-1A3956D46DE8}") = "NET_SDL", "NET_SDL", "{D8316D17-686D-4D10-8062-573A2CCF916D}"
EndProject
Project("{FAE04EC0-301F-11D3-BF4B-00C04F79EFBC}") = "SDL2", "NET_SDL\SDL2\SDL2.csproj", "{867B70F4-F5AC-4FD4-9BB3-6B002F58E351}"
EndProject
Project("{FAE04EC0-301F-11D3-BF4B-00C04F79EFBC}") = "SDL2_gfx", "NET_SDL\SDL2_gfx\SDL2_gfx.csproj", "{FDFFFD32-1271-4327-BD05-C4CBA07582EE}"
EndProject
Project("{FAE04EC0-301F-11D3-BF4B-00C04F79EFBC}") = "SDL2_image", "NET_SDL\SDL2_image\SDL2_image.csproj", "{6AF3A570-DCC5-4C28-AFCD-53CF8983E3BC}"
EndProject
Project("{FAE04EC0-301F-11D3-BF4B-00C04F79EFBC}") = "SDL2_mixer", "NET_SDL\SDL2_mixer\SDL2_mixer.csproj", "{04C9112E-3F70-4D5B-AF02-3A1F61E67CF8}"
EndProject
Project("{FAE04EC0-301F-11D3-BF4B-00C04F79EFBC}") = "SDL2_ttf", "NET_SDL\SDL2_ttf\SDL2_ttf.csproj", "{C07BA29A-E286-466F-8EAF-1AAC9E9B6B82}"
EndProject
Project("{FAE04EC0-301F-11D3-BF4B-00C04F79EFBC}") = "Example", "Example\Example.csproj", "{670F7A8A-93D7-4ACD-A1E0-913C0E5C1672}"
EndProject
Global
	GlobalSection(SolutionConfigurationPlatforms) = preSolution
		Debug|Any CPU = Debug|Any CPU
		Release|Any CPU = Release|Any CPU
	EndGlobalSection
	GlobalSection(SolutionProperties) = preSolution
		HideSolutionNode = FALSE
	EndGlobalSection
	GlobalSection(ProjectConfigurationPlatforms) = postSolution
		{867B70F4-F5AC-4FD4-9BB3-6B002F58E351}.Debug|Any CPU.ActiveCfg = Debug|Any CPU
		{867B70F4-F5AC-4FD4-9BB3-6B002F58E351}.Debug|Any CPU.Build.0 = Debug|Any CPU
		{867B70F4-F5AC-4FD4-9BB3-6B002F58E351}.Release|Any CPU.ActiveCfg = Release|Any CPU
		{867B70F4-F5AC-4FD4-9BB3-6B002F58E351}.Release|Any CPU.Build.0 = Release|Any CPU
		{FDFFFD32-1271-4327-BD05-C4CBA07582EE}.Debug|Any CPU.ActiveCfg = Debug|Any CPU
		{FDFFFD32-1271-4327-BD05-C4CBA07582EE}.Debug|Any CPU.Build.0 = Debug|Any CPU
		{FDFFFD32-1271-4327-BD05-C4CBA07582EE}.Release|Any CPU.ActiveCfg = Release|Any CPU
		{FDFFFD32-1271-4327-BD05-C4CBA07582EE}.Release|Any CPU.Build.0 = Release|Any CPU
		{6AF3A570-DCC5-4C28-AFCD-53CF8983E3BC}.Debug|Any CPU.ActiveCfg = Debug|Any CPU
		{6AF3A570-DCC5-4C28-AFCD-53CF8983E3BC}.Debug|Any CPU.Build.0 = Debug|Any CPU
		{6AF3A570-DCC5-4C28-AFCD-53CF8983E3BC}.Release|Any CPU.ActiveCfg = Release|Any CPU
		{6AF3A570-DCC5-4C28-AFCD-53CF8983E3BC}.Release|Any CPU.Build.0 = Release|Any CPU
		{04C9112E-3F70-4D5B-AF02-3A1F61E67CF8}.Debug|Any CPU.ActiveCfg = Debug|Any CPU
		{04C9112E-3F70-4D5B-AF02-3A1F61E67CF8}.Debug|Any CPU.Build.0 = Debug|Any CPU
		{04C9112E-3F70-4D5B-AF02-3A1F61E67CF8}.Release|Any CPU.ActiveCfg = Release|Any CPU
		{04C9112E-3F70-4D5B-AF02-3A1F61E67CF8}.Release|Any CPU.Build.0 = Release|Any CPU
		{C07BA29A-E286-466F-8EAF-1AAC9E9B6B82}.Debug|Any CPU.ActiveCfg = Debug|Any CPU
		{C07BA29A-E286-466F-8EAF-1AAC9E9B6B82}.Debug|Any CPU.Build.0 = Debug|Any CPU
		{C07BA29A-E286-466F-8EAF-1AAC9E9B6B82}.Release|Any CPU.ActiveCfg = Release|Any CPU
		{C07BA29A-E286-466F-8EAF-1AAC9E9B6B82}.Release|Any CPU.Build.0 = Release|Any CPU
		{670F7A8A-93D7-4ACD-A1E0-913C0E5C1672}.Debug|Any CPU.ActiveCfg = Debug|Any CPU
		{670F7A8A-93D7-4ACD-A1E0-913C0E5C1672}.Debug|Any CPU.Build.0 = Debug|Any CPU
		{670F7A8A-93D7-4ACD-A1E0-913C0E5C1672}.Release|Any CPU.ActiveCfg = Release|Any CPU
		{670F7A8A-93D7-4ACD-A1E0-913C0E5C1672}.Release|Any CPU.Build.0 = Release|Any CPU
	EndGlobalSection
	GlobalSection(NestedProjects) = preSolution
		{867B70F4-F5AC-4FD4-9BB3-6B002F58E351} = {D8316D17-686D-4D10-8062-573A2CCF916D}
		{FDFFFD32-1271-4327-BD05-C4CBA07582EE} = {D8316D17-686D-4D10-8062-573A2CCF916D}
		{6AF3A570-DCC5-4C28-AFCD-53CF8983E3BC} = {D8316D17-686D-4D10-8062-573A2CCF916D}
		{04C9112E-3F70-4D5B-AF02-3A1F61E67CF8} = {D8316D17-686D-4D10-8062-573A2CCF916D}
		{C07BA29A-E286-466F-8EAF-1AAC9E9B6B82} = {D8316D17-686D-4D10-8062-573A2CCF916D}
	EndGlobalSection
EndGlobal
